
Microsoft Visual Studio Solution File, Format Version 12.00
# Visual Studio Version 16
VisualStudioVersion = 16.0.30011.22
MinimumVisualStudioVersion = 10.0.40219.1
Project("{9A19103F-16F7-4668-BE54-9A1E7A4F7556}") = "01. Count Real Numbers", "01. Count Real Numbers\01. Count Real Numbers.csproj", "{034377CB-DE03-4088-931D-24ED069CD558}"
EndProject
Project("{9A19103F-16F7-4668-BE54-9A1E7A4F7556}") = "02. Odd Occurrences", "02. Odd Occurrences\02. Odd Occurrences.csproj", "{7F17D6CA-7689-43B7-A765-D05717BAC195}"
EndProject
Project("{9A19103F-16F7-4668-BE54-9A1E7A4F7556}") = "03. Word Synonyms", "03. Word Synonyms\03. Word Synonyms.csproj", "{6776F684-579E-4D15-B6B8-105DFFDAD462}"
EndProject
Project("{9A19103F-16F7-4668-BE54-9A1E7A4F7556}") = "04. Largest 3 Numbers", "04. Largest 3 Numbers\04. Largest 3 Numbers.csproj", "{46ACE3D6-6E0D-4EDB-8276-07374F693D7D}"
EndProject
Project("{FAE04EC0-301F-11D3-BF4B-00C04F79EFBC}") = "05. Word Filter", "05. Word Filter\05. Word Filter.csproj", "{D456FC49-5805-4653-B6B3-8CC6BF5DA666}"
EndProject
Global
	GlobalSection(SolutionConfigurationPlatforms) = preSolution
		Debug|Any CPU = Debug|Any CPU
		Release|Any CPU = Release|Any CPU
	EndGlobalSection
	GlobalSection(ProjectConfigurationPlatforms) = postSolution
		{034377CB-DE03-4088-931D-24ED069CD558}.Debug|Any CPU.ActiveCfg = Debug|Any CPU
		{034377CB-DE03-4088-931D-24ED069CD558}.Debug|Any CPU.Build.0 = Debug|Any CPU
		{034377CB-DE03-4088-931D-24ED069CD558}.Release|Any CPU.ActiveCfg = Release|Any CPU
		{034377CB-DE03-4088-931D-24ED069CD558}.Release|Any CPU.Build.0 = Release|Any CPU
		{7F17D6CA-7689-43B7-A765-D05717BAC195}.Debug|Any CPU.ActiveCfg = Debug|Any CPU
		{7F17D6CA-7689-43B7-A765-D05717BAC195}.Debug|Any CPU.Build.0 = Debug|Any CPU
		{7F17D6CA-7689-43B7-A765-D05717BAC195}.Release|Any CPU.ActiveCfg = Release|Any CPU
		{7F17D6CA-7689-43B7-A765-D05717BAC195}.Release|Any CPU.Build.0 = Release|Any CPU
		{6776F684-579E-4D15-B6B8-105DFFDAD462}.Debug|Any CPU.ActiveCfg = Debug|Any CPU
		{6776F684-579E-4D15-B6B8-105DFFDAD462}.Debug|Any CPU.Build.0 = Debug|Any CPU
		{6776F684-579E-4D15-B6B8-105DFFDAD462}.Release|Any CPU.ActiveCfg = Release|Any CPU
		{6776F684-579E-4D15-B6B8-105DFFDAD462}.Release|Any CPU.Build.0 = Release|Any CPU
		{46ACE3D6-6E0D-4EDB-8276-07374F693D7D}.Debug|Any CPU.ActiveCfg = Debug|Any CPU
		{46ACE3D6-6E0D-4EDB-8276-07374F693D7D}.Debug|Any CPU.Build.0 = Debug|Any CPU
		{46ACE3D6-6E0D-4EDB-8276-07374F693D7D}.Release|Any CPU.ActiveCfg = Release|Any CPU
		{46ACE3D6-6E0D-4EDB-8276-07374F693D7D}.Release|Any CPU.Build.0 = Release|Any CPU
		{D456FC49-5805-4653-B6B3-8CC6BF5DA666}.Debug|Any CPU.ActiveCfg = Debug|Any CPU
		{D456FC49-5805-4653-B6B3-8CC6BF5DA666}.Debug|Any CPU.Build.0 = Debug|Any CPU
		{D456FC49-5805-4653-B6B3-8CC6BF5DA666}.Release|Any CPU.ActiveCfg = Release|Any CPU
		{D456FC49-5805-4653-B6B3-8CC6BF5DA666}.Release|Any CPU.Build.0 = Release|Any CPU
	EndGlobalSection
	GlobalSection(SolutionProperties) = preSolution
		HideSolutionNode = FALSE
	EndGlobalSection
	GlobalSection(ExtensibilityGlobals) = postSolution
		SolutionGuid = {65DE98A3-4555-4589-A550-3A30150F6822}
	EndGlobalSection
EndGlobal
