
Microsoft Visual Studio Solution File, Format Version 12.00
# Visual Studio Version 16
VisualStudioVersion = 16.0.30011.22
MinimumVisualStudioVersion = 10.0.40219.1
Project("{9A19103F-16F7-4668-BE54-9A1E7A4F7556}") = "01. Furniture", "01. Furniture\01. Furniture.csproj", "{9EFB403D-1F76-4925-9AFB-C9CC9994FC30}"
EndProject
Project("{9A19103F-16F7-4668-BE54-9A1E7A4F7556}") = "02.Race", "02.Race\02.Race.csproj", "{E68EEAC3-0922-4DC1-B74A-A5C580EBF0BD}"
EndProject
Project("{9A19103F-16F7-4668-BE54-9A1E7A4F7556}") = "03.SoftUni Bar Income", "03.SoftUni Bar Income\03.SoftUni Bar Income.csproj", "{0DAF5E61-1569-4BBC-A2E0-00435D320CE9}"
EndProject
Project("{9A19103F-16F7-4668-BE54-9A1E7A4F7556}") = "04.Star Enigma", "04.Star Enigma\04.Star Enigma.csproj", "{4B24CB3D-9022-4A8D-8C64-6F54975EF3B6}"
EndProject
Project("{FAE04EC0-301F-11D3-BF4B-00C04F79EFBC}") = "05.Nether Realms", "05.Nether Realms\05.Nether Realms.csproj", "{99C70A0F-3D6A-4900-AF6A-AEB0EF3E5331}"
EndProject
Global
	GlobalSection(SolutionConfigurationPlatforms) = preSolution
		Debug|Any CPU = Debug|Any CPU
		Release|Any CPU = Release|Any CPU
	EndGlobalSection
	GlobalSection(ProjectConfigurationPlatforms) = postSolution
		{9EFB403D-1F76-4925-9AFB-C9CC9994FC30}.Debug|Any CPU.ActiveCfg = Debug|Any CPU
		{9EFB403D-1F76-4925-9AFB-C9CC9994FC30}.Debug|Any CPU.Build.0 = Debug|Any CPU
		{9EFB403D-1F76-4925-9AFB-C9CC9994FC30}.Release|Any CPU.ActiveCfg = Release|Any CPU
		{9EFB403D-1F76-4925-9AFB-C9CC9994FC30}.Release|Any CPU.Build.0 = Release|Any CPU
		{E68EEAC3-0922-4DC1-B74A-A5C580EBF0BD}.Debug|Any CPU.ActiveCfg = Debug|Any CPU
		{E68EEAC3-0922-4DC1-B74A-A5C580EBF0BD}.Debug|Any CPU.Build.0 = Debug|Any CPU
		{E68EEAC3-0922-4DC1-B74A-A5C580EBF0BD}.Release|Any CPU.ActiveCfg = Release|Any CPU
		{E68EEAC3-0922-4DC1-B74A-A5C580EBF0BD}.Release|Any CPU.Build.0 = Release|Any CPU
		{0DAF5E61-1569-4BBC-A2E0-00435D320CE9}.Debug|Any CPU.ActiveCfg = Debug|Any CPU
		{0DAF5E61-1569-4BBC-A2E0-00435D320CE9}.Debug|Any CPU.Build.0 = Debug|Any CPU
		{0DAF5E61-1569-4BBC-A2E0-00435D320CE9}.Release|Any CPU.ActiveCfg = Release|Any CPU
		{0DAF5E61-1569-4BBC-A2E0-00435D320CE9}.Release|Any CPU.Build.0 = Release|Any CPU
		{4B24CB3D-9022-4A8D-8C64-6F54975EF3B6}.Debug|Any CPU.ActiveCfg = Debug|Any CPU
		{4B24CB3D-9022-4A8D-8C64-6F54975EF3B6}.Debug|Any CPU.Build.0 = Debug|Any CPU
		{4B24CB3D-9022-4A8D-8C64-6F54975EF3B6}.Release|Any CPU.ActiveCfg = Release|Any CPU
		{4B24CB3D-9022-4A8D-8C64-6F54975EF3B6}.Release|Any CPU.Build.0 = Release|Any CPU
		{99C70A0F-3D6A-4900-AF6A-AEB0EF3E5331}.Debug|Any CPU.ActiveCfg = Debug|Any CPU
		{99C70A0F-3D6A-4900-AF6A-AEB0EF3E5331}.Debug|Any CPU.Build.0 = Debug|Any CPU
		{99C70A0F-3D6A-4900-AF6A-AEB0EF3E5331}.Release|Any CPU.ActiveCfg = Release|Any CPU
		{99C70A0F-3D6A-4900-AF6A-AEB0EF3E5331}.Release|Any CPU.Build.0 = Release|Any CPU
	EndGlobalSection
	GlobalSection(SolutionProperties) = preSolution
		HideSolutionNode = FALSE
	EndGlobalSection
	GlobalSection(ExtensibilityGlobals) = postSolution
		SolutionGuid = {9BDD5CA9-6C3C-418F-9474-700048EB1262}
	EndGlobalSection
EndGlobal
