
Microsoft Visual Studio Solution File, Format Version 12.00
# Visual Studio Version 16
VisualStudioVersion = 16.0.30011.22
MinimumVisualStudioVersion = 10.0.40219.1
Project("{9A19103F-16F7-4668-BE54-9A1E7A4F7556}") = "01. Ranking", "01. Ranking\01. Ranking.csproj", "{2BF5D3A1-5422-4DFE-9DFD-EF2E08BB0D6B}"
EndProject
Project("{9A19103F-16F7-4668-BE54-9A1E7A4F7556}") = "02.Judge", "02.Judge\02.Judge.csproj", "{9996195E-4167-47CF-A930-D866B1ACD8DF}"
EndProject
Project("{FAE04EC0-301F-11D3-BF4B-00C04F79EFBC}") = "03. MOBA Challenger", "03. MOBA Challenger\03. MOBA Challenger.csproj", "{680E9588-08DB-4AA1-81D9-26769FE063B0}"
EndProject
Global
	GlobalSection(SolutionConfigurationPlatforms) = preSolution
		Debug|Any CPU = Debug|Any CPU
		Release|Any CPU = Release|Any CPU
	EndGlobalSection
	GlobalSection(ProjectConfigurationPlatforms) = postSolution
		{2BF5D3A1-5422-4DFE-9DFD-EF2E08BB0D6B}.Debug|Any CPU.ActiveCfg = Debug|Any CPU
		{2BF5D3A1-5422-4DFE-9DFD-EF2E08BB0D6B}.Debug|Any CPU.Build.0 = Debug|Any CPU
		{2BF5D3A1-5422-4DFE-9DFD-EF2E08BB0D6B}.Release|Any CPU.ActiveCfg = Release|Any CPU
		{2BF5D3A1-5422-4DFE-9DFD-EF2E08BB0D6B}.Release|Any CPU.Build.0 = Release|Any CPU
		{9996195E-4167-47CF-A930-D866B1ACD8DF}.Debug|Any CPU.ActiveCfg = Debug|Any CPU
		{9996195E-4167-47CF-A930-D866B1ACD8DF}.Debug|Any CPU.Build.0 = Debug|Any CPU
		{9996195E-4167-47CF-A930-D866B1ACD8DF}.Release|Any CPU.ActiveCfg = Release|Any CPU
		{9996195E-4167-47CF-A930-D866B1ACD8DF}.Release|Any CPU.Build.0 = Release|Any CPU
		{680E9588-08DB-4AA1-81D9-26769FE063B0}.Debug|Any CPU.ActiveCfg = Debug|Any CPU
		{680E9588-08DB-4AA1-81D9-26769FE063B0}.Debug|Any CPU.Build.0 = Debug|Any CPU
		{680E9588-08DB-4AA1-81D9-26769FE063B0}.Release|Any CPU.ActiveCfg = Release|Any CPU
		{680E9588-08DB-4AA1-81D9-26769FE063B0}.Release|Any CPU.Build.0 = Release|Any CPU
	EndGlobalSection
	GlobalSection(SolutionProperties) = preSolution
		HideSolutionNode = FALSE
	EndGlobalSection
	GlobalSection(ExtensibilityGlobals) = postSolution
		SolutionGuid = {F1FDFDDC-6831-4C29-91B9-2D7037CE7B21}
	EndGlobalSection
EndGlobal
