
Microsoft Visual Studio Solution File, Format Version 12.00
# Visual Studio Version 16
VisualStudioVersion = 16.0.30320.27
MinimumVisualStudioVersion = 10.0.40219.1
Project("{9A19103F-16F7-4668-BE54-9A1E7A4F7556}") = "String Manipulator", "String Manipulator\String Manipulator.csproj", "{68751441-9C55-4322-8CCB-62A6495095A6}"
EndProject
Project("{FAE04EC0-301F-11D3-BF4B-00C04F79EFBC}") = "Message Encrypter", "Message Encrypter\Message Encrypter.csproj", "{36188CD5-FC7B-4128-AD92-21AC01D9EE31}"
EndProject
Project("{FAE04EC0-301F-11D3-BF4B-00C04F79EFBC}") = "Battle Manager", "Battle Manager\Battle Manager.csproj", "{48DEB041-1B01-4800-B460-9D10081F1404}"
EndProject
Global
	GlobalSection(SolutionConfigurationPlatforms) = preSolution
		Debug|Any CPU = Debug|Any CPU
		Release|Any CPU = Release|Any CPU
	EndGlobalSection
	GlobalSection(ProjectConfigurationPlatforms) = postSolution
		{68751441-9C55-4322-8CCB-62A6495095A6}.Debug|Any CPU.ActiveCfg = Debug|Any CPU
		{68751441-9C55-4322-8CCB-62A6495095A6}.Debug|Any CPU.Build.0 = Debug|Any CPU
		{68751441-9C55-4322-8CCB-62A6495095A6}.Release|Any CPU.ActiveCfg = Release|Any CPU
		{68751441-9C55-4322-8CCB-62A6495095A6}.Release|Any CPU.Build.0 = Release|Any CPU
		{36188CD5-FC7B-4128-AD92-21AC01D9EE31}.Debug|Any CPU.ActiveCfg = Debug|Any CPU
		{36188CD5-FC7B-4128-AD92-21AC01D9EE31}.Debug|Any CPU.Build.0 = Debug|Any CPU
		{36188CD5-FC7B-4128-AD92-21AC01D9EE31}.Release|Any CPU.ActiveCfg = Release|Any CPU
		{36188CD5-FC7B-4128-AD92-21AC01D9EE31}.Release|Any CPU.Build.0 = Release|Any CPU
		{48DEB041-1B01-4800-B460-9D10081F1404}.Debug|Any CPU.ActiveCfg = Debug|Any CPU
		{48DEB041-1B01-4800-B460-9D10081F1404}.Debug|Any CPU.Build.0 = Debug|Any CPU
		{48DEB041-1B01-4800-B460-9D10081F1404}.Release|Any CPU.ActiveCfg = Release|Any CPU
		{48DEB041-1B01-4800-B460-9D10081F1404}.Release|Any CPU.Build.0 = Release|Any CPU
	EndGlobalSection
	GlobalSection(SolutionProperties) = preSolution
		HideSolutionNode = FALSE
	EndGlobalSection
	GlobalSection(ExtensibilityGlobals) = postSolution
		SolutionGuid = {F6C46282-32A7-4635-9D44-66B3A63D5D47}
	EndGlobalSection
EndGlobal
