
Microsoft Visual Studio Solution File, Format Version 12.00
# Visual Studio Version 16
VisualStudioVersion = 16.0.30011.22
MinimumVisualStudioVersion = 10.0.40219.1
Project("{FAE04EC0-301F-11D3-BF4B-00C04F79EFBC}") = "01. Activation Keys", "01. Activation Keys\01. Activation Keys.csproj", "{0B712F38-B654-446D-8CC2-F6409609695C}"
EndProject
Project("{FAE04EC0-301F-11D3-BF4B-00C04F79EFBC}") = "02. Emoji Detector", "02. Emoji Detector\02. Emoji Detector.csproj", "{4BD0D55B-FDF4-4D7F-A940-76D85CFE3C9B}"
EndProject
Project("{FAE04EC0-301F-11D3-BF4B-00C04F79EFBC}") = "03. P!rates", "03. P!rates\03. P!rates.csproj", "{1A44E231-DDB5-415A-9FC8-B1BFED26F44D}"
EndProject
Global
	GlobalSection(SolutionConfigurationPlatforms) = preSolution
		Debug|Any CPU = Debug|Any CPU
		Release|Any CPU = Release|Any CPU
	EndGlobalSection
	GlobalSection(ProjectConfigurationPlatforms) = postSolution
		{0B712F38-B654-446D-8CC2-F6409609695C}.Debug|Any CPU.ActiveCfg = Debug|Any CPU
		{0B712F38-B654-446D-8CC2-F6409609695C}.Debug|Any CPU.Build.0 = Debug|Any CPU
		{0B712F38-B654-446D-8CC2-F6409609695C}.Release|Any CPU.ActiveCfg = Release|Any CPU
		{0B712F38-B654-446D-8CC2-F6409609695C}.Release|Any CPU.Build.0 = Release|Any CPU
		{4BD0D55B-FDF4-4D7F-A940-76D85CFE3C9B}.Debug|Any CPU.ActiveCfg = Debug|Any CPU
		{4BD0D55B-FDF4-4D7F-A940-76D85CFE3C9B}.Debug|Any CPU.Build.0 = Debug|Any CPU
		{4BD0D55B-FDF4-4D7F-A940-76D85CFE3C9B}.Release|Any CPU.ActiveCfg = Release|Any CPU
		{4BD0D55B-FDF4-4D7F-A940-76D85CFE3C9B}.Release|Any CPU.Build.0 = Release|Any CPU
		{1A44E231-DDB5-415A-9FC8-B1BFED26F44D}.Debug|Any CPU.ActiveCfg = Debug|Any CPU
		{1A44E231-DDB5-415A-9FC8-B1BFED26F44D}.Debug|Any CPU.Build.0 = Debug|Any CPU
		{1A44E231-DDB5-415A-9FC8-B1BFED26F44D}.Release|Any CPU.ActiveCfg = Release|Any CPU
		{1A44E231-DDB5-415A-9FC8-B1BFED26F44D}.Release|Any CPU.Build.0 = Release|Any CPU
	EndGlobalSection
	GlobalSection(SolutionProperties) = preSolution
		HideSolutionNode = FALSE
	EndGlobalSection
	GlobalSection(ExtensibilityGlobals) = postSolution
		SolutionGuid = {0CBCA16D-646B-4B92-B3D4-B6D1C50B85DE}
	EndGlobalSection
EndGlobal
