
Microsoft Visual Studio Solution File, Format Version 12.00
# Visual Studio Version 16
VisualStudioVersion = 16.0.30011.22
MinimumVisualStudioVersion = 10.0.40219.1
Project("{FAE04EC0-301F-11D3-BF4B-00C04F79EFBC}") = "01. Match Full Name", "01. Match Full Name\01. Match Full Name.csproj", "{A269ADC2-6AF5-4FEC-B165-65D777482263}"
EndProject
Project("{FAE04EC0-301F-11D3-BF4B-00C04F79EFBC}") = "02. Match Phone Number", "02. Match Phone Number\02. Match Phone Number.csproj", "{9B92CC05-29EE-433E-8F07-AC10355FFB28}"
EndProject
Project("{FAE04EC0-301F-11D3-BF4B-00C04F79EFBC}") = "03. Match Dates", "03. Match Dates\03. Match Dates.csproj", "{6EC3F06F-B908-4334-B134-48BCF794D415}"
EndProject
Global
	GlobalSection(SolutionConfigurationPlatforms) = preSolution
		Debug|Any CPU = Debug|Any CPU
		Release|Any CPU = Release|Any CPU
	EndGlobalSection
	GlobalSection(ProjectConfigurationPlatforms) = postSolution
		{A269ADC2-6AF5-4FEC-B165-65D777482263}.Debug|Any CPU.ActiveCfg = Debug|Any CPU
		{A269ADC2-6AF5-4FEC-B165-65D777482263}.Debug|Any CPU.Build.0 = Debug|Any CPU
		{A269ADC2-6AF5-4FEC-B165-65D777482263}.Release|Any CPU.ActiveCfg = Release|Any CPU
		{A269ADC2-6AF5-4FEC-B165-65D777482263}.Release|Any CPU.Build.0 = Release|Any CPU
		{9B92CC05-29EE-433E-8F07-AC10355FFB28}.Debug|Any CPU.ActiveCfg = Debug|Any CPU
		{9B92CC05-29EE-433E-8F07-AC10355FFB28}.Debug|Any CPU.Build.0 = Debug|Any CPU
		{9B92CC05-29EE-433E-8F07-AC10355FFB28}.Release|Any CPU.ActiveCfg = Release|Any CPU
		{9B92CC05-29EE-433E-8F07-AC10355FFB28}.Release|Any CPU.Build.0 = Release|Any CPU
		{6EC3F06F-B908-4334-B134-48BCF794D415}.Debug|Any CPU.ActiveCfg = Debug|Any CPU
		{6EC3F06F-B908-4334-B134-48BCF794D415}.Debug|Any CPU.Build.0 = Debug|Any CPU
		{6EC3F06F-B908-4334-B134-48BCF794D415}.Release|Any CPU.ActiveCfg = Release|Any CPU
		{6EC3F06F-B908-4334-B134-48BCF794D415}.Release|Any CPU.Build.0 = Release|Any CPU
	EndGlobalSection
	GlobalSection(SolutionProperties) = preSolution
		HideSolutionNode = FALSE
	EndGlobalSection
	GlobalSection(ExtensibilityGlobals) = postSolution
		SolutionGuid = {31AB5E5F-26AD-4044-9FFB-CE04DBD6E391}
	EndGlobalSection
EndGlobal
