
Microsoft Visual Studio Solution File, Format Version 12.00
# Visual Studio Version 16
VisualStudioVersion = 16.0.30011.22
MinimumVisualStudioVersion = 10.0.40219.1
Project("{9A19103F-16F7-4668-BE54-9A1E7A4F7556}") = "01. Warrior's Quest", "01. Warrior's Quest\01. Warrior's Quest.csproj", "{DF116859-F1F3-4D66-9BED-A5B1395FAA99}"
EndProject
Project("{9A19103F-16F7-4668-BE54-9A1E7A4F7556}") = "02.Boss Rush", "02.Boss Rush\02.Boss Rush.csproj", "{15F18C52-97AE-49E1-B998-1F01DBE33E93}"
EndProject
Project("{FAE04EC0-301F-11D3-BF4B-00C04F79EFBC}") = "03.Hero Recruitment", "03.Hero Recruitment\03.Hero Recruitment.csproj", "{AD7C8157-217E-417D-B74D-652BB77727C9}"
EndProject
Global
	GlobalSection(SolutionConfigurationPlatforms) = preSolution
		Debug|Any CPU = Debug|Any CPU
		Release|Any CPU = Release|Any CPU
	EndGlobalSection
	GlobalSection(ProjectConfigurationPlatforms) = postSolution
		{DF116859-F1F3-4D66-9BED-A5B1395FAA99}.Debug|Any CPU.ActiveCfg = Debug|Any CPU
		{DF116859-F1F3-4D66-9BED-A5B1395FAA99}.Debug|Any CPU.Build.0 = Debug|Any CPU
		{DF116859-F1F3-4D66-9BED-A5B1395FAA99}.Release|Any CPU.ActiveCfg = Release|Any CPU
		{DF116859-F1F3-4D66-9BED-A5B1395FAA99}.Release|Any CPU.Build.0 = Release|Any CPU
		{15F18C52-97AE-49E1-B998-1F01DBE33E93}.Debug|Any CPU.ActiveCfg = Debug|Any CPU
		{15F18C52-97AE-49E1-B998-1F01DBE33E93}.Debug|Any CPU.Build.0 = Debug|Any CPU
		{15F18C52-97AE-49E1-B998-1F01DBE33E93}.Release|Any CPU.ActiveCfg = Release|Any CPU
		{15F18C52-97AE-49E1-B998-1F01DBE33E93}.Release|Any CPU.Build.0 = Release|Any CPU
		{AD7C8157-217E-417D-B74D-652BB77727C9}.Debug|Any CPU.ActiveCfg = Debug|Any CPU
		{AD7C8157-217E-417D-B74D-652BB77727C9}.Debug|Any CPU.Build.0 = Debug|Any CPU
		{AD7C8157-217E-417D-B74D-652BB77727C9}.Release|Any CPU.ActiveCfg = Release|Any CPU
		{AD7C8157-217E-417D-B74D-652BB77727C9}.Release|Any CPU.Build.0 = Release|Any CPU
	EndGlobalSection
	GlobalSection(SolutionProperties) = preSolution
		HideSolutionNode = FALSE
	EndGlobalSection
	GlobalSection(ExtensibilityGlobals) = postSolution
		SolutionGuid = {3EE3DBE8-6F9E-46CE-8043-BC702C8A5C7B}
	EndGlobalSection
EndGlobal
