
Microsoft Visual Studio Solution File, Format Version 12.00
# Visual Studio Version 16
VisualStudioVersion = 16.0.30011.22
MinimumVisualStudioVersion = 10.0.40219.1
Project("{FAE04EC0-301F-11D3-BF4B-00C04F79EFBC}") = "01. Bonus Scoring System", "01. Bonus Scoring System\01. Bonus Scoring System.csproj", "{BAC40832-AB7E-4FC2-B58F-0251D3C1F7B3}"
EndProject
Project("{FAE04EC0-301F-11D3-BF4B-00C04F79EFBC}") = "02. MuOnline", "02. MuOnline\02. MuOnline.csproj", "{09E84FDB-5B0C-48E9-B961-1D4239227ED1}"
EndProject
Project("{FAE04EC0-301F-11D3-BF4B-00C04F79EFBC}") = "03. Inventory", "03. Inventory\03. Inventory.csproj", "{4F7A40B8-26B9-4C6C-8A73-E188A48D9F27}"
EndProject
Global
	GlobalSection(SolutionConfigurationPlatforms) = preSolution
		Debug|Any CPU = Debug|Any CPU
		Release|Any CPU = Release|Any CPU
	EndGlobalSection
	GlobalSection(ProjectConfigurationPlatforms) = postSolution
		{BAC40832-AB7E-4FC2-B58F-0251D3C1F7B3}.Debug|Any CPU.ActiveCfg = Debug|Any CPU
		{BAC40832-AB7E-4FC2-B58F-0251D3C1F7B3}.Debug|Any CPU.Build.0 = Debug|Any CPU
		{BAC40832-AB7E-4FC2-B58F-0251D3C1F7B3}.Release|Any CPU.ActiveCfg = Release|Any CPU
		{BAC40832-AB7E-4FC2-B58F-0251D3C1F7B3}.Release|Any CPU.Build.0 = Release|Any CPU
		{09E84FDB-5B0C-48E9-B961-1D4239227ED1}.Debug|Any CPU.ActiveCfg = Debug|Any CPU
		{09E84FDB-5B0C-48E9-B961-1D4239227ED1}.Debug|Any CPU.Build.0 = Debug|Any CPU
		{09E84FDB-5B0C-48E9-B961-1D4239227ED1}.Release|Any CPU.ActiveCfg = Release|Any CPU
		{09E84FDB-5B0C-48E9-B961-1D4239227ED1}.Release|Any CPU.Build.0 = Release|Any CPU
		{4F7A40B8-26B9-4C6C-8A73-E188A48D9F27}.Debug|Any CPU.ActiveCfg = Debug|Any CPU
		{4F7A40B8-26B9-4C6C-8A73-E188A48D9F27}.Debug|Any CPU.Build.0 = Debug|Any CPU
		{4F7A40B8-26B9-4C6C-8A73-E188A48D9F27}.Release|Any CPU.ActiveCfg = Release|Any CPU
		{4F7A40B8-26B9-4C6C-8A73-E188A48D9F27}.Release|Any CPU.Build.0 = Release|Any CPU
	EndGlobalSection
	GlobalSection(SolutionProperties) = preSolution
		HideSolutionNode = FALSE
	EndGlobalSection
	GlobalSection(ExtensibilityGlobals) = postSolution
		SolutionGuid = {A0A26C18-388B-4B98-8D3E-CE1E546B1E59}
	EndGlobalSection
EndGlobal
